// !$*UTF8*$!
{
	archiveVersion = 1;
	classes = {
	};
	objectVersion = 51;
	objects = {

/* Begin PBXBuildFile section */
		77557F4724A1C19D006D091A /* AppDelegate.swift in Sources */ = {isa = PBXBuildFile; fileRef = 77557F4624A1C19D006D091A /* AppDelegate.swift */; };
		77557F4924A1C19D006D091A /* SceneDelegate.swift in Sources */ = {isa = PBXBuildFile; fileRef = 77557F4824A1C19D006D091A /* SceneDelegate.swift */; };
		77557F4B24A1C19D006D091A /* MainVC.swift in Sources */ = {isa = PBXBuildFile; fileRef = 77557F4A24A1C19D006D091A /* MainVC.swift */; };
		77557F4E24A1C19D006D091A /* Main.storyboard in Resources */ = {isa = PBXBuildFile; fileRef = 77557F4C24A1C19D006D091A /* Main.storyboard */; };
		77557F5024A1C19F006D091A /* Assets.xcassets in Resources */ = {isa = PBXBuildFile; fileRef = 77557F4F24A1C19F006D091A /* Assets.xcassets */; };
		77557F5324A1C19F006D091A /* LaunchScreen.storyboard in Resources */ = {isa = PBXBuildFile; fileRef = 77557F5124A1C19F006D091A /* LaunchScreen.storyboard */; };
		77557F5B24A1C299006D091A /* Login.storyboard in Resources */ = {isa = PBXBuildFile; fileRef = 77557F5A24A1C299006D091A /* Login.storyboard */; };
		77557F5E24A463F2006D091A /* LoginVC.swift in Sources */ = {isa = PBXBuildFile; fileRef = 77557F5D24A463F2006D091A /* LoginVC.swift */; };
		77557F6024A47B01006D091A /* User.swift in Sources */ = {isa = PBXBuildFile; fileRef = 77557F5F24A47B01006D091A /* User.swift */; };
		77557F6324A47B5B006D091A /* LoginViewModel.swift in Sources */ = {isa = PBXBuildFile; fileRef = 77557F6224A47B5B006D091A /* LoginViewModel.swift */; };
		77557F6724A4815B006D091A /* Localizable.strings in Resources */ = {isa = PBXBuildFile; fileRef = 77557F6524A4815B006D091A /* Localizable.strings */; };
		77557F6A24A5BA55006D091A /* AppStoryBoard.swift in Sources */ = {isa = PBXBuildFile; fileRef = 77557F6924A5BA55006D091A /* AppStoryBoard.swift */; };
		77557F6C24A5BBAF006D091A /* UIViewController.swift in Sources */ = {isa = PBXBuildFile; fileRef = 77557F6B24A5BBAF006D091A /* UIViewController.swift */; };
		77557F6F24A5BFAA006D091A /* UIApplication.swift in Sources */ = {isa = PBXBuildFile; fileRef = 77557F6E24A5BFA9006D091A /* UIApplication.swift */; };
		77557F7324AC302C006D091A /* MoviesList.swift in Sources */ = {isa = PBXBuildFile; fileRef = 77557F7224AC302C006D091A /* MoviesList.swift */; };
		77557F7524AC31AA006D091A /* Movie.swift in Sources */ = {isa = PBXBuildFile; fileRef = 77557F7424AC31AA006D091A /* Movie.swift */; };
		77557F7724AC6AA0006D091A /* Service.swift in Sources */ = {isa = PBXBuildFile; fileRef = 77557F7624AC6AA0006D091A /* Service.swift */; };
		77557F7A24AC6B8B006D091A /* ServiceProvider.swift in Sources */ = {isa = PBXBuildFile; fileRef = 77557F7924AC6B8B006D091A /* ServiceProvider.swift */; };
		77557F7C24AC6D0F006D091A /* MoviesService.swift in Sources */ = {isa = PBXBuildFile; fileRef = 77557F7B24AC6D0F006D091A /* MoviesService.swift */; };
		77557F7E24ADC1AE006D091A /* MoviewCell.swift in Sources */ = {isa = PBXBuildFile; fileRef = 77557F7D24ADC1AE006D091A /* MoviewCell.swift */; };
		778100A224B571CE0013D0FA /* UITableView.swift in Sources */ = {isa = PBXBuildFile; fileRef = 778100A124B571CE0013D0FA /* UITableView.swift */; };
		778100A424B571F80013D0FA /* Reusable.swift in Sources */ = {isa = PBXBuildFile; fileRef = 778100A324B571F80013D0FA /* Reusable.swift */; };
		778100A624B82E4F0013D0FA /* MovieViewModel.swift in Sources */ = {isa = PBXBuildFile; fileRef = 778100A524B82E4F0013D0FA /* MovieViewModel.swift */; };
		778100A824B83EAE0013D0FA /* MainTabbarVC.swift in Sources */ = {isa = PBXBuildFile; fileRef = 778100A724B83EAE0013D0FA /* MainTabbarVC.swift */; };
		77D7F49124AEE0CE006D8EEA /* ObjectBinder.swift in Sources */ = {isa = PBXBuildFile; fileRef = 77D7F49024AEE0CE006D8EEA /* ObjectBinder.swift */; };
		77D7F49324AEE117006D8EEA /* MainViewModel.swift in Sources */ = {isa = PBXBuildFile; fileRef = 77D7F49224AEE117006D8EEA /* MainViewModel.swift */; };
		C3D0D3FA9ED7D864C5673930 /* Pods_hushPro.framework in Frameworks */ = {isa = PBXBuildFile; fileRef = FE7D6F38094CEBF1FE667C71 /* Pods_hushPro.framework */; };
/* End PBXBuildFile section */

/* Begin PBXFileReference section */
		77557F4324A1C19D006D091A /* hushPro.app */ = {isa = PBXFileReference; explicitFileType = wrapper.application; includeInIndex = 0; path = hushPro.app; sourceTree = BUILT_PRODUCTS_DIR; };
		77557F4624A1C19D006D091A /* AppDelegate.swift */ = {isa = PBXFileReference; lastKnownFileType = sourcecode.swift; path = AppDelegate.swift; sourceTree = "<group>"; };
		77557F4824A1C19D006D091A /* SceneDelegate.swift */ = {isa = PBXFileReference; lastKnownFileType = sourcecode.swift; path = SceneDelegate.swift; sourceTree = "<group>"; };
		77557F4A24A1C19D006D091A /* MainVC.swift */ = {isa = PBXFileReference; lastKnownFileType = sourcecode.swift; path = MainVC.swift; sourceTree = "<group>"; };
		77557F4D24A1C19D006D091A /* Base */ = {isa = PBXFileReference; lastKnownFileType = file.storyboard; name = Base; path = Base.lproj/Main.storyboard; sourceTree = "<group>"; };
		77557F4F24A1C19F006D091A /* Assets.xcassets */ = {isa = PBXFileReference; lastKnownFileType = folder.assetcatalog; path = Assets.xcassets; sourceTree = "<group>"; };
		77557F5224A1C19F006D091A /* Base */ = {isa = PBXFileReference; lastKnownFileType = file.storyboard; name = Base; path = Base.lproj/LaunchScreen.storyboard; sourceTree = "<group>"; };
		77557F5424A1C19F006D091A /* Info.plist */ = {isa = PBXFileReference; lastKnownFileType = text.plist.xml; path = Info.plist; sourceTree = "<group>"; };
		77557F5A24A1C299006D091A /* Login.storyboard */ = {isa = PBXFileReference; lastKnownFileType = file.storyboard; path = Login.storyboard; sourceTree = "<group>"; };
		77557F5D24A463F2006D091A /* LoginVC.swift */ = {isa = PBXFileReference; lastKnownFileType = sourcecode.swift; path = LoginVC.swift; sourceTree = "<group>"; };
		77557F5F24A47B01006D091A /* User.swift */ = {isa = PBXFileReference; lastKnownFileType = sourcecode.swift; path = User.swift; sourceTree = "<group>"; };
		77557F6224A47B5B006D091A /* LoginViewModel.swift */ = {isa = PBXFileReference; lastKnownFileType = sourcecode.swift; path = LoginViewModel.swift; sourceTree = "<group>"; };
		77557F6624A4815B006D091A /* Base */ = {isa = PBXFileReference; lastKnownFileType = text.plist.strings; name = Base; path = hushPro/Base.lproj/Localizable.strings; sourceTree = "<group>"; };
		77557F6924A5BA55006D091A /* AppStoryBoard.swift */ = {isa = PBXFileReference; lastKnownFileType = sourcecode.swift; path = AppStoryBoard.swift; sourceTree = "<group>"; };
		77557F6B24A5BBAF006D091A /* UIViewController.swift */ = {isa = PBXFileReference; lastKnownFileType = sourcecode.swift; path = UIViewController.swift; sourceTree = "<group>"; };
		77557F6E24A5BFA9006D091A /* UIApplication.swift */ = {isa = PBXFileReference; lastKnownFileType = sourcecode.swift; path = UIApplication.swift; sourceTree = "<group>"; };
		77557F7224AC302C006D091A /* MoviesList.swift */ = {isa = PBXFileReference; lastKnownFileType = sourcecode.swift; path = MoviesList.swift; sourceTree = "<group>"; };
		77557F7424AC31AA006D091A /* Movie.swift */ = {isa = PBXFileReference; lastKnownFileType = sourcecode.swift; path = Movie.swift; sourceTree = "<group>"; };
		77557F7624AC6AA0006D091A /* Service.swift */ = {isa = PBXFileReference; lastKnownFileType = sourcecode.swift; path = Service.swift; sourceTree = "<group>"; };
		77557F7924AC6B8B006D091A /* ServiceProvider.swift */ = {isa = PBXFileReference; lastKnownFileType = sourcecode.swift; path = ServiceProvider.swift; sourceTree = "<group>"; };
		77557F7B24AC6D0F006D091A /* MoviesService.swift */ = {isa = PBXFileReference; lastKnownFileType = sourcecode.swift; path = MoviesService.swift; sourceTree = "<group>"; };
		77557F7D24ADC1AE006D091A /* MoviewCell.swift */ = {isa = PBXFileReference; lastKnownFileType = sourcecode.swift; path = MoviewCell.swift; sourceTree = "<group>"; };
		778100A124B571CE0013D0FA /* UITableView.swift */ = {isa = PBXFileReference; lastKnownFileType = sourcecode.swift; path = UITableView.swift; sourceTree = "<group>"; };
		778100A324B571F80013D0FA /* Reusable.swift */ = {isa = PBXFileReference; lastKnownFileType = sourcecode.swift; path = Reusable.swift; sourceTree = "<group>"; };
		778100A524B82E4F0013D0FA /* MovieViewModel.swift */ = {isa = PBXFileReference; lastKnownFileType = sourcecode.swift; path = MovieViewModel.swift; sourceTree = "<group>"; };
		778100A724B83EAE0013D0FA /* MainTabbarVC.swift */ = {isa = PBXFileReference; lastKnownFileType = sourcecode.swift; path = MainTabbarVC.swift; sourceTree = "<group>"; };
		77D7F49024AEE0CE006D8EEA /* ObjectBinder.swift */ = {isa = PBXFileReference; lastKnownFileType = sourcecode.swift; path = ObjectBinder.swift; sourceTree = "<group>"; };
		77D7F49224AEE117006D8EEA /* MainViewModel.swift */ = {isa = PBXFileReference; lastKnownFileType = sourcecode.swift; path = MainViewModel.swift; sourceTree = "<group>"; };
		8531EBBEC025664DFEEA8E05 /* Pods-hushPro.release.xcconfig */ = {isa = PBXFileReference; includeInIndex = 1; lastKnownFileType = text.xcconfig; name = "Pods-hushPro.release.xcconfig"; path = "Target Support Files/Pods-hushPro/Pods-hushPro.release.xcconfig"; sourceTree = "<group>"; };
		B74AA30FA6A358D412F1A481 /* Pods-hushPro.debug.xcconfig */ = {isa = PBXFileReference; includeInIndex = 1; lastKnownFileType = text.xcconfig; name = "Pods-hushPro.debug.xcconfig"; path = "Target Support Files/Pods-hushPro/Pods-hushPro.debug.xcconfig"; sourceTree = "<group>"; };
		FE7D6F38094CEBF1FE667C71 /* Pods_hushPro.framework */ = {isa = PBXFileReference; explicitFileType = wrapper.framework; includeInIndex = 0; path = Pods_hushPro.framework; sourceTree = BUILT_PRODUCTS_DIR; };
/* End PBXFileReference section */

/* Begin PBXFrameworksBuildPhase section */
		77557F4024A1C19D006D091A /* Frameworks */ = {
			isa = PBXFrameworksBuildPhase;
			buildActionMask = 2147483647;
			files = (
				C3D0D3FA9ED7D864C5673930 /* Pods_hushPro.framework in Frameworks */,
			);
			runOnlyForDeploymentPostprocessing = 0;
		};
/* End PBXFrameworksBuildPhase section */

/* Begin PBXGroup section */
		043351EB57D07DEF9ECDF7C5 /* Frameworks */ = {
			isa = PBXGroup;
			children = (
				FE7D6F38094CEBF1FE667C71 /* Pods_hushPro.framework */,
			);
			name = Frameworks;
			sourceTree = "<group>";
		};
		610C0454D0E6764813A5A58F /* Pods */ = {
			isa = PBXGroup;
			children = (
				B74AA30FA6A358D412F1A481 /* Pods-hushPro.debug.xcconfig */,
				8531EBBEC025664DFEEA8E05 /* Pods-hushPro.release.xcconfig */,
			);
			path = Pods;
			sourceTree = "<group>";
		};
		77557F3A24A1C19D006D091A = {
			isa = PBXGroup;
			children = (
				77557F4524A1C19D006D091A /* hushPro */,
				77557F4424A1C19D006D091A /* Products */,
				610C0454D0E6764813A5A58F /* Pods */,
				043351EB57D07DEF9ECDF7C5 /* Frameworks */,
			);
			sourceTree = "<group>";
		};
		77557F4424A1C19D006D091A /* Products */ = {
			isa = PBXGroup;
			children = (
				77557F4324A1C19D006D091A /* hushPro.app */,
			);
			name = Products;
			sourceTree = "<group>";
		};
		77557F4524A1C19D006D091A /* hushPro */ = {
			isa = PBXGroup;
			children = (
				77557F4624A1C19D006D091A /* AppDelegate.swift */,
				77557F4824A1C19D006D091A /* SceneDelegate.swift */,
				77557F4C24A1C19D006D091A /* Main.storyboard */,
				77557F5A24A1C299006D091A /* Login.storyboard */,
				77557F5C24A1D357006D091A /* Controller */,
				77557F6124A47B06006D091A /* Model */,
				77557F7824AC6AA5006D091A /* Networking */,
				77557F6424A47B5F006D091A /* ViewModel */,
				77557F7F24ADC1B1006D091A /* View */,
				77557F6D24A5BBB3006D091A /* Extension */,
				77557F6824A4819E006D091A /* Resources */,
				77557F5124A1C19F006D091A /* LaunchScreen.storyboard */,
				77557F5424A1C19F006D091A /* Info.plist */,
				77557F6924A5BA55006D091A /* AppStoryBoard.swift */,
				77D7F49024AEE0CE006D8EEA /* ObjectBinder.swift */,
			);
			path = hushPro;
			sourceTree = "<group>";
		};
		77557F5C24A1D357006D091A /* Controller */ = {
			isa = PBXGroup;
			children = (
				77557F4A24A1C19D006D091A /* MainVC.swift */,
				77557F5D24A463F2006D091A /* LoginVC.swift */,
				778100A724B83EAE0013D0FA /* MainTabbarVC.swift */,
			);
			path = Controller;
			sourceTree = "<group>";
		};
		77557F6124A47B06006D091A /* Model */ = {
			isa = PBXGroup;
			children = (
				77557F5F24A47B01006D091A /* User.swift */,
				77557F7224AC302C006D091A /* MoviesList.swift */,
				77557F7424AC31AA006D091A /* Movie.swift */,
			);
			path = Model;
			sourceTree = "<group>";
		};
		77557F6424A47B5F006D091A /* ViewModel */ = {
			isa = PBXGroup;
			children = (
				77557F6224A47B5B006D091A /* LoginViewModel.swift */,
				77D7F49224AEE117006D8EEA /* MainViewModel.swift */,
				778100A524B82E4F0013D0FA /* MovieViewModel.swift */,
			);
			path = ViewModel;
			sourceTree = "<group>";
		};
		77557F6824A4819E006D091A /* Resources */ = {
			isa = PBXGroup;
			children = (
				77557F6524A4815B006D091A /* Localizable.strings */,
				77557F4F24A1C19F006D091A /* Assets.xcassets */,
			);
			path = Resources;
			sourceTree = "<group>";
		};
		77557F6D24A5BBB3006D091A /* Extension */ = {
			isa = PBXGroup;
			children = (
				77557F6B24A5BBAF006D091A /* UIViewController.swift */,
				77557F6E24A5BFA9006D091A /* UIApplication.swift */,
				778100A124B571CE0013D0FA /* UITableView.swift */,
				778100A324B571F80013D0FA /* Reusable.swift */,
			);
			path = Extension;
			sourceTree = "<group>";
		};
		77557F7824AC6AA5006D091A /* Networking */ = {
			isa = PBXGroup;
			children = (
				77557F7624AC6AA0006D091A /* Service.swift */,
				77557F7924AC6B8B006D091A /* ServiceProvider.swift */,
				77557F7B24AC6D0F006D091A /* MoviesService.swift */,
			);
			path = Networking;
			sourceTree = "<group>";
		};
		77557F7F24ADC1B1006D091A /* View */ = {
			isa = PBXGroup;
			children = (
				77557F7D24ADC1AE006D091A /* MoviewCell.swift */,
			);
			path = View;
			sourceTree = "<group>";
		};
/* End PBXGroup section */

/* Begin PBXNativeTarget section */
		77557F4224A1C19D006D091A /* hushPro */ = {
			isa = PBXNativeTarget;
			buildConfigurationList = 77557F5724A1C19F006D091A /* Build configuration list for PBXNativeTarget "hushPro" */;
			buildPhases = (
				FB18E07FDC1D31F5107ACE80 /* [CP] Check Pods Manifest.lock */,
				77557F3F24A1C19D006D091A /* Sources */,
				77557F4024A1C19D006D091A /* Frameworks */,
				77557F4124A1C19D006D091A /* Resources */,
				27CF15FA7AB651D4F5ED983E /* [CP] Embed Pods Frameworks */,
			);
			buildRules = (
			);
			dependencies = (
			);
			name = hushPro;
			productName = hushPro;
			productReference = 77557F4324A1C19D006D091A /* hushPro.app */;
			productType = "com.apple.product-type.application";
		};
/* End PBXNativeTarget section */

/* Begin PBXProject section */
		77557F3B24A1C19D006D091A /* Project object */ = {
			isa = PBXProject;
			attributes = {
				LastSwiftUpdateCheck = 1150;
				LastUpgradeCheck = 1150;
				ORGANIZATIONNAME = ErbauenLabs;
				TargetAttributes = {
					77557F4224A1C19D006D091A = {
						CreatedOnToolsVersion = 11.5;
					};
				};
			};
			buildConfigurationList = 77557F3E24A1C19D006D091A /* Build configuration list for PBXProject "hushPro" */;
			compatibilityVersion = "Xcode 9.3";
			developmentRegion = en;
			hasScannedForEncodings = 0;
			knownRegions = (
				en,
				Base,
			);
			mainGroup = 77557F3A24A1C19D006D091A;
			productRefGroup = 77557F4424A1C19D006D091A /* Products */;
			projectDirPath = "";
			projectRoot = "";
			targets = (
				77557F4224A1C19D006D091A /* hushPro */,
			);
		};
/* End PBXProject section */

/* Begin PBXResourcesBuildPhase section */
		77557F4124A1C19D006D091A /* Resources */ = {
			isa = PBXResourcesBuildPhase;
			buildActionMask = 2147483647;
			files = (
				77557F6724A4815B006D091A /* Localizable.strings in Resources */,
				77557F5B24A1C299006D091A /* Login.storyboard in Resources */,
				77557F5324A1C19F006D091A /* LaunchScreen.storyboard in Resources */,
				77557F5024A1C19F006D091A /* Assets.xcassets in Resources */,
				77557F4E24A1C19D006D091A /* Main.storyboard in Resources */,
			);
			runOnlyForDeploymentPostprocessing = 0;
		};
/* End PBXResourcesBuildPhase section */

/* Begin PBXShellScriptBuildPhase section */
		27CF15FA7AB651D4F5ED983E /* [CP] Embed Pods Frameworks */ = {
			isa = PBXShellScriptBuildPhase;
			buildActionMask = 2147483647;
			files = (
			);
			inputFileListPaths = (
				"${PODS_ROOT}/Target Support Files/Pods-hushPro/Pods-hushPro-frameworks-${CONFIGURATION}-input-files.xcfilelist",
			);
			name = "[CP] Embed Pods Frameworks";
			outputFileListPaths = (
				"${PODS_ROOT}/Target Support Files/Pods-hushPro/Pods-hushPro-frameworks-${CONFIGURATION}-output-files.xcfilelist",
			);
			runOnlyForDeploymentPostprocessing = 0;
			shellPath = /bin/sh;
			shellScript = "\"${PODS_ROOT}/Target Support Files/Pods-hushPro/Pods-hushPro-frameworks.sh\"\n";
			showEnvVarsInLog = 0;
		};
		FB18E07FDC1D31F5107ACE80 /* [CP] Check Pods Manifest.lock */ = {
			isa = PBXShellScriptBuildPhase;
			buildActionMask = 2147483647;
			files = (
			);
			inputFileListPaths = (
			);
			inputPaths = (
				"${PODS_PODFILE_DIR_PATH}/Podfile.lock",
				"${PODS_ROOT}/Manifest.lock",
			);
			name = "[CP] Check Pods Manifest.lock";
			outputFileListPaths = (
			);
			outputPaths = (
				"$(DERIVED_FILE_DIR)/Pods-hushPro-checkManifestLockResult.txt",
			);
			runOnlyForDeploymentPostprocessing = 0;
			shellPath = /bin/sh;
			shellScript = "diff \"${PODS_PODFILE_DIR_PATH}/Podfile.lock\" \"${PODS_ROOT}/Manifest.lock\" > /dev/null\nif [ $? != 0 ] ; then\n    # print error to STDERR\n    echo \"error: The sandbox is not in sync with the Podfile.lock. Run 'pod install' or update your CocoaPods installation.\" >&2\n    exit 1\nfi\n# This output is used by Xcode 'outputs' to avoid re-running this script phase.\necho \"SUCCESS\" > \"${SCRIPT_OUTPUT_FILE_0}\"\n";
			showEnvVarsInLog = 0;
		};
/* End PBXShellScriptBuildPhase section */

/* Begin PBXSourcesBuildPhase section */
		77557F3F24A1C19D006D091A /* Sources */ = {
			isa = PBXSourcesBuildPhase;
			buildActionMask = 2147483647;
			files = (
				77557F6F24A5BFAA006D091A /* UIApplication.swift in Sources */,
				77557F4B24A1C19D006D091A /* MainVC.swift in Sources */,
				77557F4724A1C19D006D091A /* AppDelegate.swift in Sources */,
				77557F6324A47B5B006D091A /* LoginViewModel.swift in Sources */,
				77557F7C24AC6D0F006D091A /* MoviesService.swift in Sources */,
				778100A224B571CE0013D0FA /* UITableView.swift in Sources */,
				77557F5E24A463F2006D091A /* LoginVC.swift in Sources */,
				77557F7724AC6AA0006D091A /* Service.swift in Sources */,
				77557F6A24A5BA55006D091A /* AppStoryBoard.swift in Sources */,
				77D7F49324AEE117006D8EEA /* MainViewModel.swift in Sources */,
				77D7F49124AEE0CE006D8EEA /* ObjectBinder.swift in Sources */,
				778100A624B82E4F0013D0FA /* MovieViewModel.swift in Sources */,
				77557F6024A47B01006D091A /* User.swift in Sources */,
				77557F6C24A5BBAF006D091A /* UIViewController.swift in Sources */,
				77557F7324AC302C006D091A /* MoviesList.swift in Sources */,
				778100A824B83EAE0013D0FA /* MainTabbarVC.swift in Sources */,
				77557F7A24AC6B8B006D091A /* ServiceProvider.swift in Sources */,
				77557F7524AC31AA006D091A /* Movie.swift in Sources */,
				778100A424B571F80013D0FA /* Reusable.swift in Sources */,
				77557F7E24ADC1AE006D091A /* MoviewCell.swift in Sources */,
				77557F4924A1C19D006D091A /* SceneDelegate.swift in Sources */,
			);
			runOnlyForDeploymentPostprocessing = 0;
		};
/* End PBXSourcesBuildPhase section */

/* Begin PBXVariantGroup section */
		77557F4C24A1C19D006D091A /* Main.storyboard */ = {
			isa = PBXVariantGroup;
			children = (
				77557F4D24A1C19D006D091A /* Base */,
			);
			name = Main.storyboard;
			sourceTree = "<group>";
		};
		77557F5124A1C19F006D091A /* LaunchScreen.storyboard */ = {
			isa = PBXVariantGroup;
			children = (
				77557F5224A1C19F006D091A /* Base */,
			);
			name = LaunchScreen.storyboard;
			sourceTree = "<group>";
		};
		77557F6524A4815B006D091A /* Localizable.strings */ = {
			isa = PBXVariantGroup;
			children = (
				77557F6624A4815B006D091A /* Base */,
			);
			name = Localizable.strings;
			sourceTree = "<group>";
		};
/* End PBXVariantGroup section */

/* Begin XCBuildConfiguration section */
		77557F5524A1C19F006D091A /* Debug */ = {
			isa = XCBuildConfiguration;
			buildSettings = {
				ALWAYS_SEARCH_USER_PATHS = NO;
				CLANG_ANALYZER_NONNULL = YES;
				CLANG_ANALYZER_NUMBER_OBJECT_CONVERSION = YES_AGGRESSIVE;
				CLANG_CXX_LANGUAGE_STANDARD = "gnu++14";
				CLANG_CXX_LIBRARY = "libc++";
				CLANG_ENABLE_MODULES = YES;
				CLANG_ENABLE_OBJC_ARC = YES;
				CLANG_ENABLE_OBJC_WEAK = YES;
				CLANG_WARN_BLOCK_CAPTURE_AUTORELEASING = YES;
				CLANG_WARN_BOOL_CONVERSION = YES;
				CLANG_WARN_COMMA = YES;
				CLANG_WARN_CONSTANT_CONVERSION = YES;
				CLANG_WARN_DEPRECATED_OBJC_IMPLEMENTATIONS = YES;
				CLANG_WARN_DIRECT_OBJC_ISA_USAGE = YES_ERROR;
				CLANG_WARN_DOCUMENTATION_COMMENTS = YES;
				CLANG_WARN_EMPTY_BODY = YES;
				CLANG_WARN_ENUM_CONVERSION = YES;
				CLANG_WARN_INFINITE_RECURSION = YES;
				CLANG_WARN_INT_CONVERSION = YES;
				CLANG_WARN_NON_LITERAL_NULL_CONVERSION = YES;
				CLANG_WARN_OBJC_IMPLICIT_RETAIN_SELF = YES;
				CLANG_WARN_OBJC_LITERAL_CONVERSION = YES;
				CLANG_WARN_OBJC_ROOT_CLASS = YES_ERROR;
				CLANG_WARN_RANGE_LOOP_ANALYSIS = YES;
				CLANG_WARN_STRICT_PROTOTYPES = YES;
				CLANG_WARN_SUSPICIOUS_MOVE = YES;
				CLANG_WARN_UNGUARDED_AVAILABILITY = YES_AGGRESSIVE;
				CLANG_WARN_UNREACHABLE_CODE = YES;
				CLANG_WARN__DUPLICATE_METHOD_MATCH = YES;
				COPY_PHASE_STRIP = NO;
				DEBUG_INFORMATION_FORMAT = dwarf;
				ENABLE_STRICT_OBJC_MSGSEND = YES;
				ENABLE_TESTABILITY = YES;
				GCC_C_LANGUAGE_STANDARD = gnu11;
				GCC_DYNAMIC_NO_PIC = NO;
				GCC_NO_COMMON_BLOCKS = YES;
				GCC_OPTIMIZATION_LEVEL = 0;
				GCC_PREPROCESSOR_DEFINITIONS = (
					"DEBUG=1",
					"$(inherited)",
				);
				GCC_WARN_64_TO_32_BIT_CONVERSION = YES;
				GCC_WARN_ABOUT_RETURN_TYPE = YES_ERROR;
				GCC_WARN_UNDECLARED_SELECTOR = YES;
				GCC_WARN_UNINITIALIZED_AUTOS = YES_AGGRESSIVE;
				GCC_WARN_UNUSED_FUNCTION = YES;
				GCC_WARN_UNUSED_VARIABLE = YES;
				IPHONEOS_DEPLOYMENT_TARGET = 13.5;
				MTL_ENABLE_DEBUG_INFO = INCLUDE_SOURCE;
				MTL_FAST_MATH = YES;
				ONLY_ACTIVE_ARCH = YES;
				SDKROOT = iphoneos;
				SWIFT_ACTIVE_COMPILATION_CONDITIONS = DEBUG;
				SWIFT_OPTIMIZATION_LEVEL = "-Onone";
			};
			name = Debug;
		};
		77557F5624A1C19F006D091A /* Release */ = {
			isa = XCBuildConfiguration;
			buildSettings = {
				ALWAYS_SEARCH_USER_PATHS = NO;
				CLANG_ANALYZER_NONNULL = YES;
				CLANG_ANALYZER_NUMBER_OBJECT_CONVERSION = YES_AGGRESSIVE;
				CLANG_CXX_LANGUAGE_STANDARD = "gnu++14";
				CLANG_CXX_LIBRARY = "libc++";
				CLANG_ENABLE_MODULES = YES;
				CLANG_ENABLE_OBJC_ARC = YES;
				CLANG_ENABLE_OBJC_WEAK = YES;
				CLANG_WARN_BLOCK_CAPTURE_AUTORELEASING = YES;
				CLANG_WARN_BOOL_CONVERSION = YES;
				CLANG_WARN_COMMA = YES;
				CLANG_WARN_CONSTANT_CONVERSION = YES;
				CLANG_WARN_DEPRECATED_OBJC_IMPLEMENTATIONS = YES;
				CLANG_WARN_DIRECT_OBJC_ISA_USAGE = YES_ERROR;
				CLANG_WARN_DOCUMENTATION_COMMENTS = YES;
				CLANG_WARN_EMPTY_BODY = YES;
				CLANG_WARN_ENUM_CONVERSION = YES;
				CLANG_WARN_INFINITE_RECURSION = YES;
				CLANG_WARN_INT_CONVERSION = YES;
				CLANG_WARN_NON_LITERAL_NULL_CONVERSION = YES;
				CLANG_WARN_OBJC_IMPLICIT_RETAIN_SELF = YES;
				CLANG_WARN_OBJC_LITERAL_CONVERSION = YES;
				CLANG_WARN_OBJC_ROOT_CLASS = YES_ERROR;
				CLANG_WARN_RANGE_LOOP_ANALYSIS = YES;
				CLANG_WARN_STRICT_PROTOTYPES = YES;
				CLANG_WARN_SUSPICIOUS_MOVE = YES;
				CLANG_WARN_UNGUARDED_AVAILABILITY = YES_AGGRESSIVE;
				CLANG_WARN_UNREACHABLE_CODE = YES;
				CLANG_WARN__DUPLICATE_METHOD_MATCH = YES;
				COPY_PHASE_STRIP = NO;
				DEBUG_INFORMATION_FORMAT = "dwarf-with-dsym";
				ENABLE_NS_ASSERTIONS = NO;
				ENABLE_STRICT_OBJC_MSGSEND = YES;
				GCC_C_LANGUAGE_STANDARD = gnu11;
				GCC_NO_COMMON_BLOCKS = YES;
				GCC_WARN_64_TO_32_BIT_CONVERSION = YES;
				GCC_WARN_ABOUT_RETURN_TYPE = YES_ERROR;
				GCC_WARN_UNDECLARED_SELECTOR = YES;
				GCC_WARN_UNINITIALIZED_AUTOS = YES_AGGRESSIVE;
				GCC_WARN_UNUSED_FUNCTION = YES;
				GCC_WARN_UNUSED_VARIABLE = YES;
				IPHONEOS_DEPLOYMENT_TARGET = 13.5;
				MTL_ENABLE_DEBUG_INFO = NO;
				MTL_FAST_MATH = YES;
				SDKROOT = iphoneos;
				SWIFT_COMPILATION_MODE = wholemodule;
				SWIFT_OPTIMIZATION_LEVEL = "-O";
				VALIDATE_PRODUCT = YES;
			};
			name = Release;
		};
		77557F5824A1C19F006D091A /* Debug */ = {
			isa = XCBuildConfiguration;
			baseConfigurationReference = B74AA30FA6A358D412F1A481 /* Pods-hushPro.debug.xcconfig */;
			buildSettings = {
				ASSETCATALOG_COMPILER_APPICON_NAME = AppIcon;
				CODE_SIGN_STYLE = Automatic;
				INFOPLIST_FILE = hushPro/Info.plist;
				LD_RUNPATH_SEARCH_PATHS = (
					"$(inherited)",
					"@executable_path/Frameworks",
				);
				PRODUCT_BUNDLE_IDENTIFIER = com.erbauen.hushPro;
				PRODUCT_NAME = "$(TARGET_NAME)";
				SWIFT_VERSION = 5.0;
				TARGETED_DEVICE_FAMILY = "1,2";
			};
			name = Debug;
		};
		77557F5924A1C19F006D091A /* Release */ = {
			isa = XCBuildConfiguration;
			baseConfigurationReference = 8531EBBEC025664DFEEA8E05 /* Pods-hushPro.release.xcconfig */;
			buildSettings = {
				ASSETCATALOG_COMPILER_APPICON_NAME = AppIcon;
				CODE_SIGN_STYLE = Automatic;
				INFOPLIST_FILE = hushPro/Info.plist;
				LD_RUNPATH_SEARCH_PATHS = (
					"$(inherited)",
					"@executable_path/Frameworks",
				);
				PRODUCT_BUNDLE_IDENTIFIER = com.erbauen.hushPro;
				PRODUCT_NAME = "$(TARGET_NAME)";
				SWIFT_VERSION = 5.0;
				TARGETED_DEVICE_FAMILY = "1,2";
			};
			name = Release;
		};
/* End XCBuildConfiguration section */

/* Begin XCConfigurationList section */
		77557F3E24A1C19D006D091A /* Build configuration list for PBXProject "hushPro" */ = {
			isa = XCConfigurationList;
			buildConfigurations = (
				77557F5524A1C19F006D091A /* Debug */,
				77557F5624A1C19F006D091A /* Release */,
			);
			defaultConfigurationIsVisible = 0;
			defaultConfigurationName = Release;
		};
		77557F5724A1C19F006D091A /* Build configuration list for PBXNativeTarget "hushPro" */ = {
			isa = XCConfigurationList;
			buildConfigurations = (
				77557F5824A1C19F006D091A /* Debug */,
				77557F5924A1C19F006D091A /* Release */,
			);
			defaultConfigurationIsVisible = 0;
			defaultConfigurationName = Release;
		};
/* End XCConfigurationList section */
	};
	rootObject = 77557F3B24A1C19D006D091A /* Project object */;
}
